
Microsoft Visual Studio Solution File, Format Version 12.00
# Visual Studio Version 16
VisualStudioVersion = 16.0.31829.152
MinimumVisualStudioVersion = 10.0.40219.1
Project("{FAE04EC0-301F-11D3-BF4B-00C04F79EFBC}") = "RentalKendaraan", "RentalKendaraan\RentalKendaraan.csproj", "{BA262A81-B3DF-4D92-85B0-B3C5E9BE1AFB}"
EndProject
Global
	GlobalSection(SolutionConfigurationPlatforms) = preSolution
		Debug|Any CPU = Debug|Any CPU
		Release|Any CPU = Release|Any CPU
	EndGlobalSection
	GlobalSection(ProjectConfigurationPlatforms) = postSolution
		{BA262A81-B3DF-4D92-85B0-B3C5E9BE1AFB}.Debug|Any CPU.ActiveCfg = Debug|Any CPU
		{BA262A81-B3DF-4D92-85B0-B3C5E9BE1AFB}.Debug|Any CPU.Build.0 = Debug|Any CPU
		{BA262A81-B3DF-4D92-85B0-B3C5E9BE1AFB}.Release|Any CPU.ActiveCfg = Release|Any CPU
		{BA262A81-B3DF-4D92-85B0-B3C5E9BE1AFB}.Release|Any CPU.Build.0 = Release|Any CPU
	EndGlobalSection
	GlobalSection(SolutionProperties) = preSolution
		HideSolutionNode = FALSE
	EndGlobalSection
	GlobalSection(ExtensibilityGlobals) = postSolution
		SolutionGuid = {882025EE-110E-455F-90DD-3AEB21811695}
	EndGlobalSection
EndGlobal
